
Microsoft Visual Studio Solution File, Format Version 12.00
# Visual Studio Version 17
VisualStudioVersion = 17.1.32407.343
MinimumVisualStudioVersion = 10.0.40219.1
Project("{FAE04EC0-301F-11D3-BF4B-00C04F79EFBC}") = "GetSetRepeat", "GetSetRepeat\GetSetRepeat.csproj", "{222E348E-D6E0-40C3-B008-7232A22A294D}"
EndProject
Global
	GlobalSection(SolutionConfigurationPlatforms) = preSolution
		Debug|Any CPU = Debug|Any CPU
		Release|Any CPU = Release|Any CPU
	EndGlobalSection
	GlobalSection(ProjectConfigurationPlatforms) = postSolution
		{222E348E-D6E0-40C3-B008-7232A22A294D}.Debug|Any CPU.ActiveCfg = Debug|Any CPU
		{222E348E-D6E0-40C3-B008-7232A22A294D}.Debug|Any CPU.Build.0 = Debug|Any CPU
		{222E348E-D6E0-40C3-B008-7232A22A294D}.Release|Any CPU.ActiveCfg = Release|Any CPU
		{222E348E-D6E0-40C3-B008-7232A22A294D}.Release|Any CPU.Build.0 = Release|Any CPU
	EndGlobalSection
	GlobalSection(SolutionProperties) = preSolution
		HideSolutionNode = FALSE
	EndGlobalSection
	GlobalSection(ExtensibilityGlobals) = postSolution
		SolutionGuid = {3C259036-C87B-4056-948E-0BAB79142DBD}
	EndGlobalSection
EndGlobal
